
Microsoft Visual Studio Solution File, Format Version 12.00
# Visual Studio 15
VisualStudioVersion = 15.0.27004.2002
MinimumVisualStudioVersion = 10.0.40219.1
Project("{FAE04EC0-301F-11D3-BF4B-00C04F79EFBC}") = "MilenaSapunova.TerminateContracts.Web", "MilenaSapunova.TerminateContracts.Web\MilenaSapunova.TerminateContracts.Web.csproj", "{44AF184F-F5AC-406F-A177-CE9DB4477D4B}"
EndProject
Project("{2150E333-8FDC-42A3-9474-1A3956D46DE8}") = "Services", "Services", "{4D8ED584-A9ED-4330-9D7D-9981623AE28A}"
EndProject
Project("{FAE04EC0-301F-11D3-BF4B-00C04F79EFBC}") = "MilenaSapunova.TerminateContracts.Auth", "MilenaSapunova.TerminateContracts.Auth\MilenaSapunova.TerminateContracts.Auth.csproj", "{C8C396A6-0E85-4023-B445-2CC549D44AFA}"
EndProject
Project("{2150E333-8FDC-42A3-9474-1A3956D46DE8}") = "Data", "Data", "{29357B7C-AD3D-43AF-8071-A1395D9DBFC7}"
EndProject
Project("{FAE04EC0-301F-11D3-BF4B-00C04F79EFBC}") = "MilenaSapunova.TerminateContracts.Data", "MilenaSapunova.TerminateContracts.Data\MilenaSapunova.TerminateContracts.Data.csproj", "{E0A1341D-71B8-4D3B-8176-142BBF867F1D}"
EndProject
Project("{FAE04EC0-301F-11D3-BF4B-00C04F79EFBC}") = "MilenaSapunova.TerminateContracts.Model", "MilenaSapunova.TerminateContracts.Model\MilenaSapunova.TerminateContracts.Model.csproj", "{32141C59-DC81-4434-A9AD-978DC006833A}"
EndProject
Project("{FAE04EC0-301F-11D3-BF4B-00C04F79EFBC}") = "MilenaSapunova.TerminateContracts.Services", "MilenaSapunova.TerminateContracts.Services\MilenaSapunova.TerminateContracts.Services.csproj", "{F811E115-9A5C-4A10-A2D2-3B93A8D179A8}"
EndProject
Global
	GlobalSection(SolutionConfigurationPlatforms) = preSolution
		Debug|Any CPU = Debug|Any CPU
		Release|Any CPU = Release|Any CPU
	EndGlobalSection
	GlobalSection(ProjectConfigurationPlatforms) = postSolution
		{44AF184F-F5AC-406F-A177-CE9DB4477D4B}.Debug|Any CPU.ActiveCfg = Debug|Any CPU
		{44AF184F-F5AC-406F-A177-CE9DB4477D4B}.Debug|Any CPU.Build.0 = Debug|Any CPU
		{44AF184F-F5AC-406F-A177-CE9DB4477D4B}.Release|Any CPU.ActiveCfg = Release|Any CPU
		{44AF184F-F5AC-406F-A177-CE9DB4477D4B}.Release|Any CPU.Build.0 = Release|Any CPU
		{C8C396A6-0E85-4023-B445-2CC549D44AFA}.Debug|Any CPU.ActiveCfg = Debug|Any CPU
		{C8C396A6-0E85-4023-B445-2CC549D44AFA}.Debug|Any CPU.Build.0 = Debug|Any CPU
		{C8C396A6-0E85-4023-B445-2CC549D44AFA}.Release|Any CPU.ActiveCfg = Release|Any CPU
		{C8C396A6-0E85-4023-B445-2CC549D44AFA}.Release|Any CPU.Build.0 = Release|Any CPU
		{E0A1341D-71B8-4D3B-8176-142BBF867F1D}.Debug|Any CPU.ActiveCfg = Debug|Any CPU
		{E0A1341D-71B8-4D3B-8176-142BBF867F1D}.Debug|Any CPU.Build.0 = Debug|Any CPU
		{E0A1341D-71B8-4D3B-8176-142BBF867F1D}.Release|Any CPU.ActiveCfg = Release|Any CPU
		{E0A1341D-71B8-4D3B-8176-142BBF867F1D}.Release|Any CPU.Build.0 = Release|Any CPU
		{32141C59-DC81-4434-A9AD-978DC006833A}.Debug|Any CPU.ActiveCfg = Debug|Any CPU
		{32141C59-DC81-4434-A9AD-978DC006833A}.Debug|Any CPU.Build.0 = Debug|Any CPU
		{32141C59-DC81-4434-A9AD-978DC006833A}.Release|Any CPU.ActiveCfg = Release|Any CPU
		{32141C59-DC81-4434-A9AD-978DC006833A}.Release|Any CPU.Build.0 = Release|Any CPU
		{F811E115-9A5C-4A10-A2D2-3B93A8D179A8}.Debug|Any CPU.ActiveCfg = Debug|Any CPU
		{F811E115-9A5C-4A10-A2D2-3B93A8D179A8}.Debug|Any CPU.Build.0 = Debug|Any CPU
		{F811E115-9A5C-4A10-A2D2-3B93A8D179A8}.Release|Any CPU.ActiveCfg = Release|Any CPU
		{F811E115-9A5C-4A10-A2D2-3B93A8D179A8}.Release|Any CPU.Build.0 = Release|Any CPU
	EndGlobalSection
	GlobalSection(SolutionProperties) = preSolution
		HideSolutionNode = FALSE
	EndGlobalSection
	GlobalSection(NestedProjects) = preSolution
		{C8C396A6-0E85-4023-B445-2CC549D44AFA} = {4D8ED584-A9ED-4330-9D7D-9981623AE28A}
		{E0A1341D-71B8-4D3B-8176-142BBF867F1D} = {29357B7C-AD3D-43AF-8071-A1395D9DBFC7}
		{32141C59-DC81-4434-A9AD-978DC006833A} = {29357B7C-AD3D-43AF-8071-A1395D9DBFC7}
		{F811E115-9A5C-4A10-A2D2-3B93A8D179A8} = {4D8ED584-A9ED-4330-9D7D-9981623AE28A}
	EndGlobalSection
	GlobalSection(ExtensibilityGlobals) = postSolution
		SolutionGuid = {2CF7F7E4-30CB-416B-BC1C-F37DF002047A}
	EndGlobalSection
EndGlobal
